// !$*UTF8*$!
{
	archiveVersion = 1;
	classes = {
	};
	objectVersion = 52;
	objects = {

/* Begin PBXBuildFile section */
		1117D035A8FA81FD3FF0CE5C /* Hasher.swift in Sources */ = {isa = PBXBuildFile; fileRef = 1117D1C1FC0F0FA476E369C8 /* Hasher.swift */; };
		1117D03DA3BBC27101EC56EB /* TreeNode.swift in Sources */ = {isa = PBXBuildFile; fileRef = 1117D42A0A892A55AD7F0C6D /* TreeNode.swift */; };
		1117D0438E55FD170186888E /* CharStream.swift in Sources */ = {isa = PBXBuildFile; fileRef = 1117D4E1FE7DC31ACC3EDD25 /* CharStream.swift */; };
		1117D067B34035FC4DED2A5F /* StringCharInputStream.swift in Sources */ = {isa = PBXBuildFile; fileRef = 1117D75AC0C7F9E876B68A79 /* StringCharInputStream.swift */; };
		1117D17E5EF7E760249C2F80 /* ArraySlice.swift in Sources */ = {isa = PBXBuildFile; fileRef = 1117DE11C36AAB336EB85953 /* ArraySlice.swift */; };
		1117D1B588233A771C95B889 /* FloatingPoint.swift in Sources */ = {isa = PBXBuildFile; fileRef = 1117D42244601FA54CAFC111 /* FloatingPoint.swift */; };
		1117D1D0104EFFB9AA1428C6 /* RangeReplaceableCollection.swift in Sources */ = {isa = PBXBuildFile; fileRef = 1117DEDC46E1252EFD4F2D73 /* RangeReplaceableCollection.swift */; };
		1117D2C6E8D38475C5C674D5 /* StringFormat.swift in Sources */ = {isa = PBXBuildFile; fileRef = 1117DB9676B8889E6B91EC70 /* StringFormat.swift */; };
		1117D3B6E9FCFDAD8238B604 /* AtomicValue.swift in Sources */ = {isa = PBXBuildFile; fileRef = 1117D2AE1568A8C3741A86AE /* AtomicValue.swift */; };
		1117D3BF4199C365362CA9FC /* Character.swift in Sources */ = {isa = PBXBuildFile; fileRef = 1117D142AFC8171D31FCF975 /* Character.swift */; };
		1117D3E5CCF75F6ECD21A303 /* ReadWriteLock.swift in Sources */ = {isa = PBXBuildFile; fileRef = 1117DCED9641BC9CB805ADEE /* ReadWriteLock.swift */; };
		1117D4302066214D581AB6FC /* DynamicFixedArray.swift in Sources */ = {isa = PBXBuildFile; fileRef = 1117D67CB2830A48B5C56761 /* DynamicFixedArray.swift */; };
		1117D46F0FC21E611EACD4BB /* BinaryTreeDictionary.swift in Sources */ = {isa = PBXBuildFile; fileRef = 1117DD043B53015865ED9D07 /* BinaryTreeDictionary.swift */; };
		1117D4D2A49C3108EB6EDDB0 /* NamedSemaphore.swift in Sources */ = {isa = PBXBuildFile; fileRef = 1117DDF6B294E466C7A185D5 /* NamedSemaphore.swift */; };
		1117D4D610BD1CE87B0D3771 /* SimpleCharInputStream.swift in Sources */ = {isa = PBXBuildFile; fileRef = 1117D2ABF7C69D75E6443601 /* SimpleCharInputStream.swift */; };
		1117D4E52C7BBAEBD59B32C8 /* MathTools.swift in Sources */ = {isa = PBXBuildFile; fileRef = 1117DA2A40FD9973202012F3 /* MathTools.swift */; };
		1117D4E93548BC6DC4167C87 /* RubiconTests.swift in Sources */ = {isa = PBXBuildFile; fileRef = 1117DA4DCBA8B62AD1D183CD /* RubiconTests.swift */; };
		1117D52895B40B229F0C34C8 /* AtomicProperty.swift in Sources */ = {isa = PBXBuildFile; fileRef = 1117D5A6E02759A24014C1D6 /* AtomicProperty.swift */; };
		1117D551FA986D18AC3C604B /* Conditional.swift in Sources */ = {isa = PBXBuildFile; fileRef = 1117DD6F29A83E7E9C004F89 /* Conditional.swift */; };
		1117D5A62408843E13FA3F8D /* MarkInputStream.swift in Sources */ = {isa = PBXBuildFile; fileRef = 1117D7B71073B174FA3D0D97 /* MarkInputStream.swift */; };
		1117D5D7FE2E89FF48053D67 /* CStrings.swift in Sources */ = {isa = PBXBuildFile; fileRef = 1117D8B11BE277A0D478E764 /* CStrings.swift */; };
		1117D603D6D7533B3DEA082A /* Range.swift in Sources */ = {isa = PBXBuildFile; fileRef = 1117D1A70559C6B301B833C0 /* Range.swift */; };
		1117D6347992E68048C95BA4 /* ManagedByteBuffer.swift in Sources */ = {isa = PBXBuildFile; fileRef = 1117D4ECADC357DE0E875BAE /* ManagedByteBuffer.swift */; };
		1117D6C58C8DF1A23EE40B26 /* IConvCharInputStream.swift in Sources */ = {isa = PBXBuildFile; fileRef = 1117D48068F75B12E30F5E83 /* IConvCharInputStream.swift */; };
		1117D74784A19EC684B6F858 /* Rubicon.h in Headers */ = {isa = PBXBuildFile; fileRef = 1117DF3E94A76767AA3C37E3 /* Rubicon.h */; settings = {ATTRIBUTES = (Public, ); }; };
		1117D78FA7573ACB14D9AB9A /* StringXForm.swift in Sources */ = {isa = PBXBuildFile; fileRef = 1117DA84761CE0531CC2B150 /* StringXForm.swift */; };
		1117D7C7D25FDB87F0E87004 /* NSLock.swift in Sources */ = {isa = PBXBuildFile; fileRef = 1117D545C41CE3C16FAD6B9F /* NSLock.swift */; };
		1117D81AC449E98F667D5F43 /* ByteOrder.swift in Sources */ = {isa = PBXBuildFile; fileRef = 1117DACFCBB5FA296F4438AB /* ByteOrder.swift */; };
		1117D87015D5A6D05CA3688C /* SimpleIConvCharInputStream.swift in Sources */ = {isa = PBXBuildFile; fileRef = 1117D81C98C71BC7BD4F245B /* SimpleIConvCharInputStream.swift */; };
		1117D8974555204639F771FD /* iconv.h in Headers */ = {isa = PBXBuildFile; fileRef = 1117D8F31A530CDA758E62B8 /* iconv.h */; };
		1117D950F78C930E935486EF /* Thread.swift in Sources */ = {isa = PBXBuildFile; fileRef = 1117D9A1691382C37AA03237 /* Thread.swift */; };
		1117D98AC365F3CF051F1549 /* ShadowInt.swift in Sources */ = {isa = PBXBuildFile; fileRef = 1117D2704AA1CC45A15EDC5B /* ShadowInt.swift */; };
		1117D9D892409C1C5407AA50 /* ThreadLocal.swift in Sources */ = {isa = PBXBuildFile; fileRef = 1117DD3A2A9798417B58BDA0 /* ThreadLocal.swift */; };
		1117DA229FBFA71F8CDB6BC5 /* CharacterSet.swift in Sources */ = {isa = PBXBuildFile; fileRef = 1117D23FF878E626C51AA636 /* CharacterSet.swift */; };
		1117DA33BD484CBFF0784483 /* Collections.swift in Sources */ = {isa = PBXBuildFile; fileRef = 1117D4B83EE6A3304FC07D3E /* Collections.swift */; };
		1117DB005960C8847B27F6F8 /* StringProtocol.swift in Sources */ = {isa = PBXBuildFile; fileRef = 1117DFFD880F237687D8BE44 /* StringProtocol.swift */; };
		1117DB2981DA9EEA1794C0A9 /* PGThread.swift in Sources */ = {isa = PBXBuildFile; fileRef = 1117D14B363B54E578A54336 /* PGThread.swift */; };
		1117DC5BF2A398C1D36EA0E7 /* RegularExpression.swift in Sources */ = {isa = PBXBuildFile; fileRef = 1117DC953EC772053F764FDE /* RegularExpression.swift */; };
		1117DD4EFDE8572C3C5CEF4A /* CErrors.swift in Sources */ = {isa = PBXBuildFile; fileRef = 1117D6A7CE94A310891BDE0F /* CErrors.swift */; };
		1117DDC441FB1F14D7A8EAEB /* DataByteBuffer.swift in Sources */ = {isa = PBXBuildFile; fileRef = 1117D6AC59E30D453F77143E /* DataByteBuffer.swift */; };
		1117DDEE932819B049B78977 /* SimpleStringCharInputStream.swift in Sources */ = {isa = PBXBuildFile; fileRef = 1117DF04833CD6B020F8A54A /* SimpleStringCharInputStream.swift */; };
		1117DE02F8940A00E5B060F2 /* DateComponents.swift in Sources */ = {isa = PBXBuildFile; fileRef = 1117D4271C0293ABF2DE0360 /* DateComponents.swift */; };
		1117DE1264E29B84796C3C80 /* EasyByteBuffer.swift in Sources */ = {isa = PBXBuildFile; fileRef = 1117DD9CADA8086B223523D4 /* EasyByteBuffer.swift */; };
		1117DE8546BB89F7FFED9501 /* PGSemaphore.swift in Sources */ = {isa = PBXBuildFile; fileRef = 1117D6F3E0FF3FC135C390D7 /* PGSemaphore.swift */; };
		1117DEE9775577A7B6014CE0 /* UnnamedSemaphore.swift in Sources */ = {isa = PBXBuildFile; fileRef = 1117D91C10BA91C95A9736D8 /* UnnamedSemaphore.swift */; };
		1117DF27B358A367D4C2876E /* IConv.swift in Sources */ = {isa = PBXBuildFile; fileRef = 1117D88BD3FB3246B1DFB316 /* IConv.swift */; };
		1117DFAA0AE0006304938EEC /* BinaryInteger.swift in Sources */ = {isa = PBXBuildFile; fileRef = 1117DDD0B2FEC71052547523 /* BinaryInteger.swift */; };
		8398BC14266A6CB200671FE0 /* main.swift in Sources */ = {isa = PBXBuildFile; fileRef = 8398BC13266A6CB200671FE0 /* main.swift */; };
		8398BC18266A6D3D00671FE0 /* Rubicon.framework in Frameworks */ = {isa = PBXBuildFile; fileRef = 83C67A72250EC02000C0F21E /* Rubicon.framework */; };
		83C67A7C250EC02000C0F21E /* Rubicon.framework in Frameworks */ = {isa = PBXBuildFile; fileRef = 83C67A72250EC02000C0F21E /* Rubicon.framework */; };
		83C67AB2250EC19800C0F21E /* Closable.swift in Sources */ = {isa = PBXBuildFile; fileRef = 83C67A97250EC19700C0F21E /* Closable.swift */; };
		83C67AB3250EC19800C0F21E /* Tools.swift in Sources */ = {isa = PBXBuildFile; fileRef = 83C67A98250EC19700C0F21E /* Tools.swift */; };
		83C67AB6250EC19800C0F21E /* Buffers.swift in Sources */ = {isa = PBXBuildFile; fileRef = 83C67A9C250EC19800C0F21E /* Buffers.swift */; };
		83C67AB7250EC19800C0F21E /* RingByteBuffer.swift in Sources */ = {isa = PBXBuildFile; fileRef = 83C67A9D250EC19800C0F21E /* RingByteBuffer.swift */; };
		83C67AB8250EC19800C0F21E /* Array.swift in Sources */ = {isa = PBXBuildFile; fileRef = 83C67A9F250EC19800C0F21E /* Array.swift */; };
		83C67AB9250EC19800C0F21E /* Stream.swift in Sources */ = {isa = PBXBuildFile; fileRef = 83C67AA0250EC19800C0F21E /* Stream.swift */; };
		83C67ABA250EC19800C0F21E /* Data.swift in Sources */ = {isa = PBXBuildFile; fileRef = 83C67AA1250EC19800C0F21E /* Data.swift */; };
		83C67ABC250EC19800C0F21E /* String.swift in Sources */ = {isa = PBXBuildFile; fileRef = 83C67AA3250EC19800C0F21E /* String.swift */; };
		83C67ABD250EC19800C0F21E /* NSRange.swift in Sources */ = {isa = PBXBuildFile; fileRef = 83C67AA4250EC19800C0F21E /* NSRange.swift */; };
		83C67ABE250EC19800C0F21E /* DateFormatter.swift in Sources */ = {isa = PBXBuildFile; fileRef = 83C67AA5250EC19800C0F21E /* DateFormatter.swift */; };
		83C67ABF250EC19800C0F21E /* NanoTimer.swift in Sources */ = {isa = PBXBuildFile; fileRef = 83C67AA6250EC19800C0F21E /* NanoTimer.swift */; };
		83C67AC1250EC19800C0F21E /* CharInputStream.swift in Sources */ = {isa = PBXBuildFile; fileRef = 83C67AAA250EC19800C0F21E /* CharInputStream.swift */; };
		83C67AED250EC3CF00C0F21E /* main.swift in Sources */ = {isa = PBXBuildFile; fileRef = 83C67AEB250EC3C200C0F21E /* main.swift */; };
		83C7E7C2263879E500F3C28E /* RingBuffer in Frameworks */ = {isa = PBXBuildFile; productRef = 83BA732E254ABED0009B8351 /* RingBuffer */; };
		83C7E7C3263879E500F3C28E /* PGDocFixer in Frameworks */ = {isa = PBXBuildFile; productRef = 83C67AEF250EC40E00C0F21E /* PGDocFixer */; };
		83F8D66925C47EC0004DD445 /* libiconv.tbd in Frameworks */ = {isa = PBXBuildFile; fileRef = 83F8D66825C47E99004DD445 /* libiconv.tbd */; };
/* End PBXBuildFile section */

/* Begin PBXContainerItemProxy section */
		83490117252E0FE900D67809 /* PBXContainerItemProxy */ = {
			isa = PBXContainerItemProxy;
			containerPortal = 83C67A69250EC02000C0F21E /* Project object */;
			proxyType = 1;
			remoteGlobalIDString = 83C67A71250EC02000C0F21E;
			remoteInfo = Rubicon;
		};
		8398BC1A266A6D3D00671FE0 /* PBXContainerItemProxy */ = {
			isa = PBXContainerItemProxy;
			containerPortal = 83C67A69250EC02000C0F21E /* Project object */;
			proxyType = 1;
			remoteGlobalIDString = 83C67A71250EC02000C0F21E;
			remoteInfo = Rubicon;
		};
		83C67A7D250EC02000C0F21E /* PBXContainerItemProxy */ = {
			isa = PBXContainerItemProxy;
			containerPortal = 83C67A69250EC02000C0F21E /* Project object */;
			proxyType = 1;
			remoteGlobalIDString = 83C67A71250EC02000C0F21E;
			remoteInfo = Rubicon;
		};
/* End PBXContainerItemProxy section */

/* Begin PBXCopyFilesBuildPhase section */
		8398BC0F266A6CB200671FE0 /* CopyFiles */ = {
			isa = PBXCopyFilesBuildPhase;
			buildActionMask = 2147483647;
			dstPath = /usr/share/man/man1/;
			dstSubfolderSpec = 0;
			files = (
			);
			runOnlyForDeploymentPostprocessing = 1;
		};
		83C67AE2250EC39F00C0F21E /* CopyFiles */ = {
			isa = PBXCopyFilesBuildPhase;
			buildActionMask = 2147483647;
			dstPath = /usr/share/man/man1/;
			dstSubfolderSpec = 0;
			files = (
			);
			runOnlyForDeploymentPostprocessing = 1;
		};
/* End PBXCopyFilesBuildPhase section */

/* Begin PBXFileReference section */
		1117D02D036B4EB5836CC547 /* Test_UTF-16LE_ext.dtd */ = {isa = PBXFileReference; fileEncoding = 2483028224; lastKnownFileType = text.xml; path = "Test_UTF-16LE_ext.dtd"; sourceTree = "<group>"; };
		1117D057FC73A6200E871B09 /* .gitignore */ = {isa = PBXFileReference; lastKnownFileType = file.gitignore; path = .gitignore; sourceTree = "<group>"; };
		1117D067A05BD7D5F986AD20 /* test.swift */ = {isa = PBXFileReference; fileEncoding = 4; lastKnownFileType = sourcecode.swift; path = test.swift; sourceTree = "<group>"; };
		1117D0693DF7EAFD66B1A94C /* Test_UTF-8.xml */ = {isa = PBXFileReference; fileEncoding = 4; lastKnownFileType = text.xml; path = "Test_UTF-8.xml"; sourceTree = "<group>"; };
		1117D0CCE7F6EC932D84A298 /* module.modulemap */ = {isa = PBXFileReference; fileEncoding = 4; lastKnownFileType = "sourcecode.module-map"; path = module.modulemap; sourceTree = "<group>"; };
		1117D0EF2E0346BF617231CB /* Test_UTF-8_ext.dtd */ = {isa = PBXFileReference; fileEncoding = 4; lastKnownFileType = text.xml; path = "Test_UTF-8_ext.dtd"; sourceTree = "<group>"; };
		1117D122C5781ED4C73150D5 /* ManageByteBufferTests.swift */ = {isa = PBXFileReference; fileEncoding = 4; lastKnownFileType = sourcecode.swift; path = ManageByteBufferTests.swift; sourceTree = "<group>"; };
		1117D142AFC8171D31FCF975 /* Character.swift */ = {isa = PBXFileReference; fileEncoding = 4; lastKnownFileType = sourcecode.swift; path = Character.swift; sourceTree = "<group>"; };
		1117D14B363B54E578A54336 /* PGThread.swift */ = {isa = PBXFileReference; fileEncoding = 4; lastKnownFileType = sourcecode.swift; path = PGThread.swift; sourceTree = "<group>"; };
		1117D14C505633AFAC0D4B6E /* Test.dtd */ = {isa = PBXFileReference; fileEncoding = 4; lastKnownFileType = text.xml; path = Test.dtd; sourceTree = "<group>"; };
		1117D1A70559C6B301B833C0 /* Range.swift */ = {isa = PBXFileReference; fileEncoding = 4; lastKnownFileType = sourcecode.swift; path = Range.swift; sourceTree = "<group>"; };
		1117D1BC4D27B19D2E14FEB2 /* ThreadLocalTests.swift */ = {isa = PBXFileReference; fileEncoding = 4; lastKnownFileType = sourcecode.swift; path = ThreadLocalTests.swift; sourceTree = "<group>"; };
		1117D1C1FC0F0FA476E369C8 /* Hasher.swift */ = {isa = PBXFileReference; fileEncoding = 4; lastKnownFileType = sourcecode.swift; path = Hasher.swift; sourceTree = "<group>"; };
		1117D1DFDDE765CDAA923CC3 /* Test_WINDOWS-1252.xml */ = {isa = PBXFileReference; fileEncoding = 12; lastKnownFileType = text.xml; path = "Test_WINDOWS-1252.xml"; sourceTree = "<group>"; };
		1117D1E0478028A323BE302C /* Test_UTF-16BE.xml */ = {isa = PBXFileReference; fileEncoding = 2415919360; lastKnownFileType = text.xml; path = "Test_UTF-16BE.xml"; sourceTree = "<group>"; };
		1117D203D7AA67F98273F3AD /* Test.dtd */ = {isa = PBXFileReference; fileEncoding = 4; lastKnownFileType = text.xml; path = Test.dtd; sourceTree = "<group>"; };
		1117D23FF878E626C51AA636 /* CharacterSet.swift */ = {isa = PBXFileReference; fileEncoding = 4; lastKnownFileType = sourcecode.swift; path = CharacterSet.swift; sourceTree = "<group>"; };
		1117D24D51EDA3CD585DE4B2 /* Test3.xml */ = {isa = PBXFileReference; fileEncoding = 2483028224; lastKnownFileType = text.xml; path = Test3.xml; sourceTree = "<group>"; };
		1117D2704AA1CC45A15EDC5B /* ShadowInt.swift */ = {isa = PBXFileReference; fileEncoding = 4; lastKnownFileType = sourcecode.swift; path = ShadowInt.swift; sourceTree = "<group>"; };
		1117D2ABF7C69D75E6443601 /* SimpleCharInputStream.swift */ = {isa = PBXFileReference; fileEncoding = 4; lastKnownFileType = sourcecode.swift; path = SimpleCharInputStream.swift; sourceTree = "<group>"; };
		1117D2AE1568A8C3741A86AE /* AtomicValue.swift */ = {isa = PBXFileReference; fileEncoding = 4; lastKnownFileType = sourcecode.swift; path = AtomicValue.swift; sourceTree = "<group>"; };
		1117D326556A2DA09BDCA34F /* Test_UTF-32LE.xml */ = {isa = PBXFileReference; fileEncoding = 2617245952; lastKnownFileType = text.xml; path = "Test_UTF-32LE.xml"; sourceTree = "<group>"; };
		1117D37158957963FD36F677 /* Test4.xml */ = {isa = PBXFileReference; fileEncoding = 4; lastKnownFileType = text.xml; path = Test4.xml; sourceTree = "<group>"; };
		1117D3F516CE662DE8B89675 /* ByteInputStreamTests.swift */ = {isa = PBXFileReference; fileEncoding = 4; lastKnownFileType = sourcecode.swift; path = ByteInputStreamTests.swift; sourceTree = "<group>"; };
		1117D42244601FA54CAFC111 /* FloatingPoint.swift */ = {isa = PBXFileReference; fileEncoding = 4; lastKnownFileType = sourcecode.swift; path = FloatingPoint.swift; sourceTree = "<group>"; };
		1117D4271C0293ABF2DE0360 /* DateComponents.swift */ = {isa = PBXFileReference; fileEncoding = 4; lastKnownFileType = sourcecode.swift; path = DateComponents.swift; sourceTree = "<group>"; };
		1117D42A0A892A55AD7F0C6D /* TreeNode.swift */ = {isa = PBXFileReference; fileEncoding = 4; lastKnownFileType = sourcecode.swift; path = TreeNode.swift; sourceTree = "<group>"; };
		1117D48068F75B12E30F5E83 /* IConvCharInputStream.swift */ = {isa = PBXFileReference; fileEncoding = 4; lastKnownFileType = sourcecode.swift; path = IConvCharInputStream.swift; sourceTree = "<group>"; };
		1117D4AB901932DB18E55F30 /* compname.txt */ = {isa = PBXFileReference; fileEncoding = 4; lastKnownFileType = text; path = compname.txt; sourceTree = "<group>"; };
		1117D4AEAB93FC8D2AC152BE /* Test_WINDOWS-1252.xml */ = {isa = PBXFileReference; fileEncoding = 12; lastKnownFileType = text.xml; path = "Test_WINDOWS-1252.xml"; sourceTree = "<group>"; };
		1117D4B83EE6A3304FC07D3E /* Collections.swift */ = {isa = PBXFileReference; fileEncoding = 4; lastKnownFileType = sourcecode.swift; path = Collections.swift; sourceTree = "<group>"; };
		1117D4E1FE7DC31ACC3EDD25 /* CharStream.swift */ = {isa = PBXFileReference; fileEncoding = 4; lastKnownFileType = sourcecode.swift; path = CharStream.swift; sourceTree = "<group>"; };
		1117D4ECADC357DE0E875BAE /* ManagedByteBuffer.swift */ = {isa = PBXFileReference; fileEncoding = 4; lastKnownFileType = sourcecode.swift; path = ManagedByteBuffer.swift; sourceTree = "<group>"; };
		1117D545C41CE3C16FAD6B9F /* NSLock.swift */ = {isa = PBXFileReference; fileEncoding = 4; lastKnownFileType = sourcecode.swift; path = NSLock.swift; sourceTree = "<group>"; };
		1117D5A6E02759A24014C1D6 /* AtomicProperty.swift */ = {isa = PBXFileReference; fileEncoding = 4; lastKnownFileType = sourcecode.swift; path = AtomicProperty.swift; sourceTree = "<group>"; };
		1117D5B228B55AADBDD4F739 /* CalendarTests.swift */ = {isa = PBXFileReference; fileEncoding = 4; lastKnownFileType = sourcecode.swift; path = CalendarTests.swift; sourceTree = "<group>"; };
		1117D5E50406710C192AE527 /* LongevityTests.swift */ = {isa = PBXFileReference; fileEncoding = 4; lastKnownFileType = sourcecode.swift; path = LongevityTests.swift; sourceTree = "<group>"; };
		1117D675AFDA886277BA02FB /* Format.md */ = {isa = PBXFileReference; fileEncoding = 4; lastKnownFileType = net.daringfireball.markdown; path = Format.md; sourceTree = "<group>"; };
		1117D67CB2830A48B5C56761 /* DynamicFixedArray.swift */ = {isa = PBXFileReference; fileEncoding = 4; lastKnownFileType = sourcecode.swift; path = DynamicFixedArray.swift; sourceTree = "<group>"; };
		1117D68B0385562110E7A5BE /* Test_UTF-16BE_ext.xml */ = {isa = PBXFileReference; fileEncoding = 2415919360; lastKnownFileType = text.xml; path = "Test_UTF-16BE_ext.xml"; sourceTree = "<group>"; };
		1117D6A07B8B839E727D8B7F /* Test_UTF-16BE.xml */ = {isa = PBXFileReference; fileEncoding = 2415919360; lastKnownFileType = text.xml; path = "Test_UTF-16BE.xml"; sourceTree = "<group>"; };
		1117D6A7CE94A310891BDE0F /* CErrors.swift */ = {isa = PBXFileReference; fileEncoding = 4; lastKnownFileType = sourcecode.swift; path = CErrors.swift; sourceTree = "<group>"; };
		1117D6AC59E30D453F77143E /* DataByteBuffer.swift */ = {isa = PBXFileReference; fileEncoding = 4; lastKnownFileType = sourcecode.swift; path = DataByteBuffer.swift; sourceTree = "<group>"; };
		1117D6B7932B94AFE725F242 /* Info.plist */ = {isa = PBXFileReference; fileEncoding = 4; lastKnownFileType = text.plist.info; path = Info.plist; sourceTree = "<group>"; };
		1117D6BDC8F2F10000144C4E /* Info.plist */ = {isa = PBXFileReference; fileEncoding = 4; lastKnownFileType = text.plist.info; path = Info.plist; sourceTree = "<group>"; };
		1117D6F3E0FF3FC135C390D7 /* PGSemaphore.swift */ = {isa = PBXFileReference; fileEncoding = 4; lastKnownFileType = sourcecode.swift; path = PGSemaphore.swift; sourceTree = "<group>"; };
		1117D731A81E409200E11D10 /* Test_UTF-16LE_ext.dtd */ = {isa = PBXFileReference; fileEncoding = 2483028224; lastKnownFileType = text.xml; path = "Test_UTF-16LE_ext.dtd"; sourceTree = "<group>"; };
		1117D75AC0C7F9E876B68A79 /* StringCharInputStream.swift */ = {isa = PBXFileReference; fileEncoding = 4; lastKnownFileType = sourcecode.swift; path = StringCharInputStream.swift; sourceTree = "<group>"; };
		1117D7B71073B174FA3D0D97 /* MarkInputStream.swift */ = {isa = PBXFileReference; fileEncoding = 4; lastKnownFileType = sourcecode.swift; path = MarkInputStream.swift; sourceTree = "<group>"; };
		1117D81C98C71BC7BD4F245B /* SimpleIConvCharInputStream.swift */ = {isa = PBXFileReference; fileEncoding = 4; lastKnownFileType = sourcecode.swift; path = SimpleIConvCharInputStream.swift; sourceTree = "<group>"; };
		1117D88BD3FB3246B1DFB316 /* IConv.swift */ = {isa = PBXFileReference; fileEncoding = 4; lastKnownFileType = sourcecode.swift; path = IConv.swift; sourceTree = "<group>"; };
		1117D8932CDCB401EBCE19FD /* Test.xml */ = {isa = PBXFileReference; fileEncoding = 4; lastKnownFileType = text.xml; path = Test.xml; sourceTree = "<group>"; };
		1117D8B11BE277A0D478E764 /* CStrings.swift */ = {isa = PBXFileReference; fileEncoding = 4; lastKnownFileType = sourcecode.swift; path = CStrings.swift; sourceTree = "<group>"; };
		1117D8F31A530CDA758E62B8 /* iconv.h */ = {isa = PBXFileReference; fileEncoding = 4; lastKnownFileType = sourcecode.c.h; path = iconv.h; sourceTree = "<group>"; };
		1117D8FC5E8870A806990EA8 /* Test4.xml */ = {isa = PBXFileReference; fileEncoding = 4; lastKnownFileType = text.xml; path = Test4.xml; sourceTree = "<group>"; };
		1117D909B744CB75F68CA0AA /* Test_UTF-8.xml */ = {isa = PBXFileReference; fileEncoding = 4; lastKnownFileType = text.xml; path = "Test_UTF-8.xml"; sourceTree = "<group>"; };
		1117D91250977276458B8583 /* Info.plist */ = {isa = PBXFileReference; fileEncoding = 4; lastKnownFileType = text.plist.info; path = Info.plist; sourceTree = "<group>"; };
		1117D91C10BA91C95A9736D8 /* UnnamedSemaphore.swift */ = {isa = PBXFileReference; fileEncoding = 4; lastKnownFileType = sourcecode.swift; path = UnnamedSemaphore.swift; sourceTree = "<group>"; };
		1117D92B2DB0E8459AFD7F49 /* Test_UTF-16BE_ext.xml */ = {isa = PBXFileReference; fileEncoding = 2415919360; lastKnownFileType = text.xml; path = "Test_UTF-16BE_ext.xml"; sourceTree = "<group>"; };
		1117D9A1691382C37AA03237 /* Thread.swift */ = {isa = PBXFileReference; fileEncoding = 4; lastKnownFileType = sourcecode.swift; path = Thread.swift; sourceTree = "<group>"; };
		1117D9A942359E3B25AA0116 /* Test_UTF-32LE.xml */ = {isa = PBXFileReference; fileEncoding = 2617245952; lastKnownFileType = text.xml; path = "Test_UTF-32LE.xml"; sourceTree = "<group>"; };
		1117DA2A40FD9973202012F3 /* MathTools.swift */ = {isa = PBXFileReference; fileEncoding = 4; lastKnownFileType = sourcecode.swift; path = MathTools.swift; sourceTree = "<group>"; };
		1117DA4DCBA8B62AD1D183CD /* RubiconTests.swift */ = {isa = PBXFileReference; fileEncoding = 4; lastKnownFileType = sourcecode.swift; path = RubiconTests.swift; sourceTree = "<group>"; };
		1117DA84761CE0531CC2B150 /* StringXForm.swift */ = {isa = PBXFileReference; fileEncoding = 4; lastKnownFileType = sourcecode.swift; path = StringXForm.swift; sourceTree = "<group>"; };
		1117DA9EAF3A9AAB76EFA62D /* XCTestManifests.swift */ = {isa = PBXFileReference; fileEncoding = 4; lastKnownFileType = sourcecode.swift; path = XCTestManifests.swift; sourceTree = "<group>"; };
		1117DACFCBB5FA296F4438AB /* ByteOrder.swift */ = {isa = PBXFileReference; fileEncoding = 4; lastKnownFileType = sourcecode.swift; path = ByteOrder.swift; sourceTree = "<group>"; };
		1117DB2451A33528B3C60877 /* TimerTests.swift */ = {isa = PBXFileReference; fileEncoding = 4; lastKnownFileType = sourcecode.swift; path = TimerTests.swift; sourceTree = "<group>"; };
		1117DB9676B8889E6B91EC70 /* StringFormat.swift */ = {isa = PBXFileReference; fileEncoding = 4; lastKnownFileType = sourcecode.swift; path = StringFormat.swift; sourceTree = "<group>"; };
		1117DBAACB45BB76001F3CD4 /* Test_UTF-8_ext.dtd */ = {isa = PBXFileReference; fileEncoding = 4; lastKnownFileType = text.xml; path = "Test_UTF-8_ext.dtd"; sourceTree = "<group>"; };
		1117DBAD36877FAB907C2708 /* Test_UTF-8_ext.xml */ = {isa = PBXFileReference; fileEncoding = 4; lastKnownFileType = text.xml; path = "Test_UTF-8_ext.xml"; sourceTree = "<group>"; };
		1117DBD95F0A94119136985F /* semaphore.h */ = {isa = PBXFileReference; fileEncoding = 4; lastKnownFileType = sourcecode.c.h; path = semaphore.h; sourceTree = "<group>"; };
		1117DC692C929553205439DD /* Test.xml */ = {isa = PBXFileReference; fileEncoding = 4; lastKnownFileType = text.xml; path = Test.xml; sourceTree = "<group>"; };
		1117DC953EC772053F764FDE /* RegularExpression.swift */ = {isa = PBXFileReference; fileEncoding = 4; lastKnownFileType = sourcecode.swift; path = RegularExpression.swift; sourceTree = "<group>"; };
		1117DC9BADDBA69F813099F5 /* Test2.xml */ = {isa = PBXFileReference; fileEncoding = 4; lastKnownFileType = text.xml; path = Test2.xml; sourceTree = "<group>"; };
		1117DCCAFD14362EB9197440 /* RubiconTests.swift */ = {isa = PBXFileReference; fileEncoding = 4; lastKnownFileType = sourcecode.swift; path = RubiconTests.swift; sourceTree = "<group>"; };
		1117DCED9641BC9CB805ADEE /* ReadWriteLock.swift */ = {isa = PBXFileReference; fileEncoding = 4; lastKnownFileType = sourcecode.swift; path = ReadWriteLock.swift; sourceTree = "<group>"; };
		1117DD043B53015865ED9D07 /* BinaryTreeDictionary.swift */ = {isa = PBXFileReference; fileEncoding = 4; lastKnownFileType = sourcecode.swift; path = BinaryTreeDictionary.swift; sourceTree = "<group>"; };
		1117DD04DE1A261A5A69F113 /* Test3.xml */ = {isa = PBXFileReference; fileEncoding = 2483028224; lastKnownFileType = text.xml; path = Test3.xml; sourceTree = "<group>"; };
		1117DD3A2A9798417B58BDA0 /* ThreadLocal.swift */ = {isa = PBXFileReference; fileEncoding = 4; lastKnownFileType = sourcecode.swift; path = ThreadLocal.swift; sourceTree = "<group>"; };
		1117DD56CCB5ACD6CFD3A297 /* Test2.xml */ = {isa = PBXFileReference; fileEncoding = 4; lastKnownFileType = text.xml; path = Test2.xml; sourceTree = "<group>"; };
		1117DD5BAD174D64E82492CF /* StringTests.swift */ = {isa = PBXFileReference; fileEncoding = 4; lastKnownFileType = sourcecode.swift; path = StringTests.swift; sourceTree = "<group>"; };
		1117DD690CE72E42C145CD9C /* old.swift */ = {isa = PBXFileReference; fileEncoding = 4; lastKnownFileType = sourcecode.swift; path = old.swift; sourceTree = "<group>"; };
		1117DD6F29A83E7E9C004F89 /* Conditional.swift */ = {isa = PBXFileReference; fileEncoding = 4; lastKnownFileType = sourcecode.swift; path = Conditional.swift; sourceTree = "<group>"; };
		1117DD9CADA8086B223523D4 /* EasyByteBuffer.swift */ = {isa = PBXFileReference; fileEncoding = 4; lastKnownFileType = sourcecode.swift; path = EasyByteBuffer.swift; sourceTree = "<group>"; };
		1117DDD0B2FEC71052547523 /* BinaryInteger.swift */ = {isa = PBXFileReference; fileEncoding = 4; lastKnownFileType = sourcecode.swift; path = BinaryInteger.swift; sourceTree = "<group>"; };
		1117DDF6B294E466C7A185D5 /* NamedSemaphore.swift */ = {isa = PBXFileReference; fileEncoding = 4; lastKnownFileType = sourcecode.swift; path = NamedSemaphore.swift; sourceTree = "<group>"; };
		1117DE11C36AAB336EB85953 /* ArraySlice.swift */ = {isa = PBXFileReference; fileEncoding = 4; lastKnownFileType = sourcecode.swift; path = ArraySlice.swift; sourceTree = "<group>"; };
		1117DE13858C89493FD72898 /* IConvTests.swift */ = {isa = PBXFileReference; fileEncoding = 4; lastKnownFileType = sourcecode.swift; path = IConvTests.swift; sourceTree = "<group>"; };
		1117DEDC46E1252EFD4F2D73 /* RangeReplaceableCollection.swift */ = {isa = PBXFileReference; fileEncoding = 4; lastKnownFileType = sourcecode.swift; path = RangeReplaceableCollection.swift; sourceTree = "<group>"; };
		1117DEE885DF724479F6501F /* Test_UTF-8_ext.xml */ = {isa = PBXFileReference; fileEncoding = 4; lastKnownFileType = text.xml; path = "Test_UTF-8_ext.xml"; sourceTree = "<group>"; };
		1117DF04833CD6B020F8A54A /* SimpleStringCharInputStream.swift */ = {isa = PBXFileReference; fileEncoding = 4; lastKnownFileType = sourcecode.swift; path = SimpleStringCharInputStream.swift; sourceTree = "<group>"; };
		1117DF108631813F676A7FE5 /* .jazzy.yaml */ = {isa = PBXFileReference; fileEncoding = 4; lastKnownFileType = text.yaml; path = .jazzy.yaml; sourceTree = "<group>"; };
		1117DF3E94A76767AA3C37E3 /* Rubicon.h */ = {isa = PBXFileReference; fileEncoding = 4; lastKnownFileType = sourcecode.c.h; path = Rubicon.h; sourceTree = "<group>"; };
		1117DF5398773AE150F0A585 /* module.modulemap */ = {isa = PBXFileReference; fileEncoding = 4; lastKnownFileType = "sourcecode.module-map"; path = module.modulemap; sourceTree = "<group>"; };
		1117DFB1957508BC2D87A10D /* compname.txt */ = {isa = PBXFileReference; fileEncoding = 4; lastKnownFileType = text; path = compname.txt; sourceTree = "<group>"; };
		1117DFFD880F237687D8BE44 /* StringProtocol.swift */ = {isa = PBXFileReference; fileEncoding = 4; lastKnownFileType = sourcecode.swift; path = StringProtocol.swift; sourceTree = "<group>"; };
		8304D99D267A9042007FC4D1 /* Experiments.entitlements */ = {isa = PBXFileReference; lastKnownFileType = text.plist.entitlements; path = Experiments.entitlements; sourceTree = "<group>"; };
		8398BC11266A6CB200671FE0 /* Experiments */ = {isa = PBXFileReference; explicitFileType = "compiled.mach-o.executable"; includeInIndex = 0; path = Experiments; sourceTree = BUILT_PRODUCTS_DIR; };
		8398BC13266A6CB200671FE0 /* main.swift */ = {isa = PBXFileReference; lastKnownFileType = sourcecode.swift; path = main.swift; sourceTree = "<group>"; };
		83C67A72250EC02000C0F21E /* Rubicon.framework */ = {isa = PBXFileReference; explicitFileType = wrapper.framework; includeInIndex = 0; path = Rubicon.framework; sourceTree = BUILT_PRODUCTS_DIR; };
		83C67A7B250EC02000C0F21E /* RubiconTests.xctest */ = {isa = PBXFileReference; explicitFileType = wrapper.cfbundle; includeInIndex = 0; path = RubiconTests.xctest; sourceTree = BUILT_PRODUCTS_DIR; };
		83C67A8F250EC15200C0F21E /* README.md */ = {isa = PBXFileReference; lastKnownFileType = net.daringfireball.markdown; path = README.md; sourceTree = "<group>"; };
		83C67A90250EC15200C0F21E /* LICENSE */ = {isa = PBXFileReference; lastKnownFileType = text; path = LICENSE; sourceTree = "<group>"; };
		83C67A97250EC19700C0F21E /* Closable.swift */ = {isa = PBXFileReference; fileEncoding = 4; lastKnownFileType = sourcecode.swift; path = Closable.swift; sourceTree = "<group>"; };
		83C67A98250EC19700C0F21E /* Tools.swift */ = {isa = PBXFileReference; fileEncoding = 4; lastKnownFileType = sourcecode.swift; path = Tools.swift; sourceTree = "<group>"; };
		83C67A9C250EC19800C0F21E /* Buffers.swift */ = {isa = PBXFileReference; fileEncoding = 4; lastKnownFileType = sourcecode.swift; path = Buffers.swift; sourceTree = "<group>"; };
		83C67A9D250EC19800C0F21E /* RingByteBuffer.swift */ = {isa = PBXFileReference; fileEncoding = 4; lastKnownFileType = sourcecode.swift; path = RingByteBuffer.swift; sourceTree = "<group>"; };
		83C67A9F250EC19800C0F21E /* Array.swift */ = {isa = PBXFileReference; fileEncoding = 4; lastKnownFileType = sourcecode.swift; path = Array.swift; sourceTree = "<group>"; };
		83C67AA0250EC19800C0F21E /* Stream.swift */ = {isa = PBXFileReference; fileEncoding = 4; lastKnownFileType = sourcecode.swift; path = Stream.swift; sourceTree = "<group>"; };
		83C67AA1250EC19800C0F21E /* Data.swift */ = {isa = PBXFileReference; fileEncoding = 4; lastKnownFileType = sourcecode.swift; path = Data.swift; sourceTree = "<group>"; };
		83C67AA3250EC19800C0F21E /* String.swift */ = {isa = PBXFileReference; fileEncoding = 4; lastKnownFileType = sourcecode.swift; path = String.swift; sourceTree = "<group>"; };
		83C67AA4250EC19800C0F21E /* NSRange.swift */ = {isa = PBXFileReference; fileEncoding = 4; lastKnownFileType = sourcecode.swift; path = NSRange.swift; sourceTree = "<group>"; };
		83C67AA5250EC19800C0F21E /* DateFormatter.swift */ = {isa = PBXFileReference; fileEncoding = 4; lastKnownFileType = sourcecode.swift; path = DateFormatter.swift; sourceTree = "<group>"; };
		83C67AA6250EC19800C0F21E /* NanoTimer.swift */ = {isa = PBXFileReference; fileEncoding = 4; lastKnownFileType = sourcecode.swift; path = NanoTimer.swift; sourceTree = "<group>"; };
		83C67AAA250EC19800C0F21E /* CharInputStream.swift */ = {isa = PBXFileReference; fileEncoding = 4; lastKnownFileType = sourcecode.swift; path = CharInputStream.swift; sourceTree = "<group>"; };
		83C67AD1250EC1F200C0F21E /* LinuxMain.swift */ = {isa = PBXFileReference; fileEncoding = 4; lastKnownFileType = sourcecode.swift; path = LinuxMain.swift; sourceTree = "<group>"; };
		83C67ADE250EC34B00C0F21E /* Package.swift */ = {isa = PBXFileReference; fileEncoding = 4; lastKnownFileType = sourcecode.swift; path = Package.swift; sourceTree = "<group>"; };
		83C67AE4250EC39F00C0F21E /* DocFixer */ = {isa = PBXFileReference; explicitFileType = "compiled.mach-o.executable"; includeInIndex = 0; path = DocFixer; sourceTree = BUILT_PRODUCTS_DIR; };
		83C67AEB250EC3C200C0F21E /* main.swift */ = {isa = PBXFileReference; fileEncoding = 4; lastKnownFileType = sourcecode.swift; path = main.swift; sourceTree = "<group>"; };
		83F8D66825C47E99004DD445 /* libiconv.tbd */ = {isa = PBXFileReference; lastKnownFileType = "sourcecode.text-based-dylib-definition"; name = libiconv.tbd; path = usr/lib/libiconv.tbd; sourceTree = SDKROOT; };
/* End PBXFileReference section */

/* Begin PBXFrameworksBuildPhase section */
		8398BC0E266A6CB200671FE0 /* Frameworks */ = {
			isa = PBXFrameworksBuildPhase;
			buildActionMask = 2147483647;
			files = (
				8398BC18266A6D3D00671FE0 /* Rubicon.framework in Frameworks */,
			);
			runOnlyForDeploymentPostprocessing = 0;
		};
		83C67A6F250EC02000C0F21E /* Frameworks */ = {
			isa = PBXFrameworksBuildPhase;
			buildActionMask = 2147483647;
			files = (
				83C7E7C2263879E500F3C28E /* RingBuffer in Frameworks */,
				83F8D66925C47EC0004DD445 /* libiconv.tbd in Frameworks */,
			);
			runOnlyForDeploymentPostprocessing = 0;
		};
		83C67A78250EC02000C0F21E /* Frameworks */ = {
			isa = PBXFrameworksBuildPhase;
			buildActionMask = 2147483647;
			files = (
				83C67A7C250EC02000C0F21E /* Rubicon.framework in Frameworks */,
			);
			runOnlyForDeploymentPostprocessing = 0;
		};
		83C67AE1250EC39F00C0F21E /* Frameworks */ = {
			isa = PBXFrameworksBuildPhase;
			buildActionMask = 2147483647;
			files = (
				83C7E7C3263879E500F3C28E /* PGDocFixer in Frameworks */,
			);
			runOnlyForDeploymentPostprocessing = 0;
		};
/* End PBXFrameworksBuildPhase section */

/* Begin PBXGroup section */
		1117D09D73F78A501ECA1300 /* Concurrency */ = {
			isa = PBXGroup;
			children = (
				1117D14B363B54E578A54336 /* PGThread.swift */,
				1117DD6F29A83E7E9C004F89 /* Conditional.swift */,
				1117D545C41CE3C16FAD6B9F /* NSLock.swift */,
				1117DCED9641BC9CB805ADEE /* ReadWriteLock.swift */,
				1117D6F3E0FF3FC135C390D7 /* PGSemaphore.swift */,
				1117D91C10BA91C95A9736D8 /* UnnamedSemaphore.swift */,
				1117DDF6B294E466C7A185D5 /* NamedSemaphore.swift */,
			);
			path = Concurrency;
			sourceTree = "<group>";
		};
		1117D2623816294CE1C249A9 /* Files */ = {
			isa = PBXGroup;
			children = (
				1117D0EF2E0346BF617231CB /* Test_UTF-8_ext.dtd */,
				1117D02D036B4EB5836CC547 /* Test_UTF-16LE_ext.dtd */,
				1117DFB1957508BC2D87A10D /* compname.txt */,
				1117D203D7AA67F98273F3AD /* Test.dtd */,
				1117DBAD36877FAB907C2708 /* Test_UTF-8_ext.xml */,
				1117D909B744CB75F68CA0AA /* Test_UTF-8.xml */,
				1117D68B0385562110E7A5BE /* Test_UTF-16BE_ext.xml */,
				1117D1E0478028A323BE302C /* Test_UTF-16BE.xml */,
				1117D326556A2DA09BDCA34F /* Test_UTF-32LE.xml */,
				1117D1DFDDE765CDAA923CC3 /* Test_WINDOWS-1252.xml */,
				1117DC9BADDBA69F813099F5 /* Test2.xml */,
				1117D37158957963FD36F677 /* Test4.xml */,
				1117DC692C929553205439DD /* Test.xml */,
				1117D24D51EDA3CD585DE4B2 /* Test3.xml */,
			);
			path = Files;
			sourceTree = "<group>";
		};
		1117D2B978E7C0B277BBFC9F /* Files */ = {
			isa = PBXGroup;
			children = (
				1117D4AB901932DB18E55F30 /* compname.txt */,
				1117D14C505633AFAC0D4B6E /* Test.dtd */,
				1117DBAACB45BB76001F3CD4 /* Test_UTF-8_ext.dtd */,
				1117D731A81E409200E11D10 /* Test_UTF-16LE_ext.dtd */,
				1117DD04DE1A261A5A69F113 /* Test3.xml */,
				1117D92B2DB0E8459AFD7F49 /* Test_UTF-16BE_ext.xml */,
				1117D0693DF7EAFD66B1A94C /* Test_UTF-8.xml */,
				1117D8932CDCB401EBCE19FD /* Test.xml */,
				1117D6A07B8B839E727D8B7F /* Test_UTF-16BE.xml */,
				1117D4AEAB93FC8D2AC152BE /* Test_WINDOWS-1252.xml */,
				1117D8FC5E8870A806990EA8 /* Test4.xml */,
				1117DEE885DF724479F6501F /* Test_UTF-8_ext.xml */,
				1117DD56CCB5ACD6CFD3A297 /* Test2.xml */,
				1117D9A942359E3B25AA0116 /* Test_UTF-32LE.xml */,
			);
			path = Files;
			sourceTree = "<group>";
		};
		1117D5A7C2902ADC8BC04837 /* PropertyWrappers */ = {
			isa = PBXGroup;
			children = (
				1117DA84761CE0531CC2B150 /* StringXForm.swift */,
				1117D5A6E02759A24014C1D6 /* AtomicProperty.swift */,
				1117DD3A2A9798417B58BDA0 /* ThreadLocal.swift */,
			);
			path = PropertyWrappers;
			sourceTree = "<group>";
		};
		1117D6BAB957C241D15DC4A5 /* ManagedByteBuffer */ = {
			isa = PBXGroup;
			children = (
				1117DD9CADA8086B223523D4 /* EasyByteBuffer.swift */,
				1117D4ECADC357DE0E875BAE /* ManagedByteBuffer.swift */,
				1117D6AC59E30D453F77143E /* DataByteBuffer.swift */,
			);
			path = ManagedByteBuffer;
			sourceTree = "<group>";
		};
		1117D74468AC5E657D36D37E /* Text */ = {
			isa = PBXGroup;
			children = (
				1117DC953EC772053F764FDE /* RegularExpression.swift */,
				1117D88BD3FB3246B1DFB316 /* IConv.swift */,
				1117DB9676B8889E6B91EC70 /* StringFormat.swift */,
			);
			path = Text;
			sourceTree = "<group>";
		};
		1117DA16B0B94F6014D7AFB3 /* RubiconTests */ = {
			isa = PBXGroup;
			children = (
				1117D2623816294CE1C249A9 /* Files */,
				1117DCCAFD14362EB9197440 /* RubiconTests.swift */,
				1117DA9EAF3A9AAB76EFA62D /* XCTestManifests.swift */,
				1117D91250977276458B8583 /* Info.plist */,
				1117DB2451A33528B3C60877 /* TimerTests.swift */,
				1117DE13858C89493FD72898 /* IConvTests.swift */,
				1117D3F516CE662DE8B89675 /* ByteInputStreamTests.swift */,
				1117D122C5781ED4C73150D5 /* ManageByteBufferTests.swift */,
				1117D5E50406710C192AE527 /* LongevityTests.swift */,
				1117D1BC4D27B19D2E14FEB2 /* ThreadLocalTests.swift */,
				1117DD5BAD174D64E82492CF /* StringTests.swift */,
				1117D5B228B55AADBDD4F739 /* CalendarTests.swift */,
			);
			path = RubiconTests;
			sourceTree = "<group>";
		};
		1117DB0E8BD3288141E13FE0 /* RubiconTests */ = {
			isa = PBXGroup;
			children = (
				1117D2B978E7C0B277BBFC9F /* Files */,
				1117D6B7932B94AFE725F242 /* Info.plist */,
			);
			path = RubiconTests;
			sourceTree = "<group>";
		};
		1117DB14239DD393F0EBC28C /* Collections */ = {
			isa = PBXGroup;
			children = (
				1117D67CB2830A48B5C56761 /* DynamicFixedArray.swift */,
				1117D2704AA1CC45A15EDC5B /* ShadowInt.swift */,
			);
			path = Collections;
			sourceTree = "<group>";
		};
		1117DBFCEA7B7EF6F06A23BC /* Other */ = {
			isa = PBXGroup;
			children = (
				1117DF3E94A76767AA3C37E3 /* Rubicon.h */,
				1117D6BDC8F2F10000144C4E /* Info.plist */,
			);
			name = Other;
			sourceTree = "<group>";
		};
		1117DC05EEFBC6A2FF53D3EC /* iconv */ = {
			isa = PBXGroup;
			children = (
				1117DF5398773AE150F0A585 /* module.modulemap */,
				1117D8F31A530CDA758E62B8 /* iconv.h */,
			);
			path = iconv;
			sourceTree = "<group>";
		};
		1117DC84B3B0B440940EBC63 /* semaphore */ = {
			isa = PBXGroup;
			children = (
				1117DBD95F0A94119136985F /* semaphore.h */,
				1117D0CCE7F6EC932D84A298 /* module.modulemap */,
			);
			path = semaphore;
			sourceTree = "<group>";
		};
		1117DE25E6D9A6356B595EF4 /* Working */ = {
			isa = PBXGroup;
			children = (
				1117DD690CE72E42C145CD9C /* old.swift */,
				1117D067A05BD7D5F986AD20 /* test.swift */,
			);
			path = Working;
			sourceTree = "<group>";
		};
		1117DF28A8424308C0A5A7AC /* TestsBackup */ = {
			isa = PBXGroup;
			children = (
				1117DE25E6D9A6356B595EF4 /* Working */,
				1117DA16B0B94F6014D7AFB3 /* RubiconTests */,
				1117DA4DCBA8B62AD1D183CD /* RubiconTests.swift */,
			);
			path = TestsBackup;
			sourceTree = "<group>";
		};
		8377FEDC2576CB7000E660D3 /* Frameworks */ = {
			isa = PBXGroup;
			children = (
				83F8D66825C47E99004DD445 /* libiconv.tbd */,
			);
			name = Frameworks;
			sourceTree = "<group>";
		};
		8398BC12266A6CB200671FE0 /* Experiments */ = {
			isa = PBXGroup;
			children = (
				8398BC13266A6CB200671FE0 /* main.swift */,
			);
			path = Experiments;
			sourceTree = "<group>";
		};
		83C67A68250EC02000C0F21E = {
			isa = PBXGroup;
			children = (
				8304D99D267A9042007FC4D1 /* Experiments.entitlements */,
				83C67A8C250EC11E00C0F21E /* Sources */,
				83C67A8D250EC12800C0F21E /* Tests */,
				83C67A73250EC02000C0F21E /* Products */,
				83C67AD7250EC24800C0F21E /* Other */,
				8377FEDC2576CB7000E660D3 /* Frameworks */,
				1117DF28A8424308C0A5A7AC /* TestsBackup */,
			);
			sourceTree = "<group>";
		};
		83C67A73250EC02000C0F21E /* Products */ = {
			isa = PBXGroup;
			children = (
				83C67A72250EC02000C0F21E /* Rubicon.framework */,
				83C67A7B250EC02000C0F21E /* RubiconTests.xctest */,
				83C67AE4250EC39F00C0F21E /* DocFixer */,
				8398BC11266A6CB200671FE0 /* Experiments */,
			);
			name = Products;
			sourceTree = "<group>";
		};
		83C67A74250EC02000C0F21E /* Rubicon */ = {
			isa = PBXGroup;
			children = (
				83C67A94250EC19700C0F21E /* BinaryTree */,
				83C67A9B250EC19800C0F21E /* Buffers */,
				83C67A9E250EC19800C0F21E /* Extensions */,
				83C67AA7250EC19800C0F21E /* Streams */,
				1117D09D73F78A501ECA1300 /* Concurrency */,
				1117DBFCEA7B7EF6F06A23BC /* Other */,
				83C67A97250EC19700C0F21E /* Closable.swift */,
				83C67AA6250EC19800C0F21E /* NanoTimer.swift */,
				83C67A98250EC19700C0F21E /* Tools.swift */,
				1117D8B11BE277A0D478E764 /* CStrings.swift */,
				1117D6A7CE94A310891BDE0F /* CErrors.swift */,
				1117DA2A40FD9973202012F3 /* MathTools.swift */,
				1117D5A7C2902ADC8BC04837 /* PropertyWrappers */,
				1117D74468AC5E657D36D37E /* Text */,
				1117DB14239DD393F0EBC28C /* Collections */,
				1117D2AE1568A8C3741A86AE /* AtomicValue.swift */,
				1117DACFCBB5FA296F4438AB /* ByteOrder.swift */,
			);
			path = Rubicon;
			sourceTree = "<group>";
		};
		83C67A8C250EC11E00C0F21E /* Sources */ = {
			isa = PBXGroup;
			children = (
				8398BC12266A6CB200671FE0 /* Experiments */,
				83C67AE5250EC39F00C0F21E /* DocFixer */,
				83C67A74250EC02000C0F21E /* Rubicon */,
				1117DC05EEFBC6A2FF53D3EC /* iconv */,
				1117DC84B3B0B440940EBC63 /* semaphore */,
			);
			path = Sources;
			sourceTree = "<group>";
		};
		83C67A8D250EC12800C0F21E /* Tests */ = {
			isa = PBXGroup;
			children = (
				83C67AD1250EC1F200C0F21E /* LinuxMain.swift */,
				1117DB0E8BD3288141E13FE0 /* RubiconTests */,
			);
			path = Tests;
			sourceTree = "<group>";
		};
		83C67A94250EC19700C0F21E /* BinaryTree */ = {
			isa = PBXGroup;
			children = (
				1117D42A0A892A55AD7F0C6D /* TreeNode.swift */,
				1117DD043B53015865ED9D07 /* BinaryTreeDictionary.swift */,
			);
			path = BinaryTree;
			sourceTree = "<group>";
		};
		83C67A9B250EC19800C0F21E /* Buffers */ = {
			isa = PBXGroup;
			children = (
				83C67A9C250EC19800C0F21E /* Buffers.swift */,
				83C67A9D250EC19800C0F21E /* RingByteBuffer.swift */,
				1117D6BAB957C241D15DC4A5 /* ManagedByteBuffer */,
			);
			path = Buffers;
			sourceTree = "<group>";
		};
		83C67A9E250EC19800C0F21E /* Extensions */ = {
			isa = PBXGroup;
			children = (
				83C67A9F250EC19800C0F21E /* Array.swift */,
				83C67AA0250EC19800C0F21E /* Stream.swift */,
				83C67AA1250EC19800C0F21E /* Data.swift */,
				83C67AA3250EC19800C0F21E /* String.swift */,
				83C67AA4250EC19800C0F21E /* NSRange.swift */,
				83C67AA5250EC19800C0F21E /* DateFormatter.swift */,
				1117D9A1691382C37AA03237 /* Thread.swift */,
				1117D1A70559C6B301B833C0 /* Range.swift */,
				1117D142AFC8171D31FCF975 /* Character.swift */,
				1117DDD0B2FEC71052547523 /* BinaryInteger.swift */,
				1117D1C1FC0F0FA476E369C8 /* Hasher.swift */,
				1117D4B83EE6A3304FC07D3E /* Collections.swift */,
				1117D42244601FA54CAFC111 /* FloatingPoint.swift */,
				1117D4271C0293ABF2DE0360 /* DateComponents.swift */,
				1117DEDC46E1252EFD4F2D73 /* RangeReplaceableCollection.swift */,
				1117DE11C36AAB336EB85953 /* ArraySlice.swift */,
				1117D23FF878E626C51AA636 /* CharacterSet.swift */,
				1117DFFD880F237687D8BE44 /* StringProtocol.swift */,
			);
			path = Extensions;
			sourceTree = "<group>";
		};
		83C67AA7250EC19800C0F21E /* Streams */ = {
			isa = PBXGroup;
			children = (
				83C67AA9250EC19800C0F21E /* Character */,
				1117D7B71073B174FA3D0D97 /* MarkInputStream.swift */,
			);
			path = Streams;
			sourceTree = "<group>";
		};
		83C67AA9250EC19800C0F21E /* Character */ = {
			isa = PBXGroup;
			children = (
				83C67AAA250EC19800C0F21E /* CharInputStream.swift */,
				1117D4E1FE7DC31ACC3EDD25 /* CharStream.swift */,
				1117D48068F75B12E30F5E83 /* IConvCharInputStream.swift */,
				1117D81C98C71BC7BD4F245B /* SimpleIConvCharInputStream.swift */,
				1117D2ABF7C69D75E6443601 /* SimpleCharInputStream.swift */,
				1117DF04833CD6B020F8A54A /* SimpleStringCharInputStream.swift */,
				1117D75AC0C7F9E876B68A79 /* StringCharInputStream.swift */,
			);
			path = Character;
			sourceTree = "<group>";
		};
		83C67AD7250EC24800C0F21E /* Other */ = {
			isa = PBXGroup;
			children = (
				83C67ADE250EC34B00C0F21E /* Package.swift */,
				83C67A90250EC15200C0F21E /* LICENSE */,
				83C67A8F250EC15200C0F21E /* README.md */,
				1117DF108631813F676A7FE5 /* .jazzy.yaml */,
				1117D057FC73A6200E871B09 /* .gitignore */,
				1117D675AFDA886277BA02FB /* Format.md */,
			);
			name = Other;
			sourceTree = "<group>";
		};
		83C67AE5250EC39F00C0F21E /* DocFixer */ = {
			isa = PBXGroup;
			children = (
				83C67AEB250EC3C200C0F21E /* main.swift */,
			);
			path = DocFixer;
			sourceTree = "<group>";
		};
/* End PBXGroup section */

/* Begin PBXHeadersBuildPhase section */
		83C67A6D250EC02000C0F21E /* Headers */ = {
			isa = PBXHeadersBuildPhase;
			buildActionMask = 2147483647;
			files = (
				1117D74784A19EC684B6F858 /* Rubicon.h in Headers */,
				1117D8974555204639F771FD /* iconv.h in Headers */,
			);
			runOnlyForDeploymentPostprocessing = 0;
		};
/* End PBXHeadersBuildPhase section */

/* Begin PBXNativeTarget section */
		8398BC10266A6CB200671FE0 /* Experiments */ = {
			isa = PBXNativeTarget;
			buildConfigurationList = 8398BC17266A6CB200671FE0 /* Build configuration list for PBXNativeTarget "Experiments" */;
			buildPhases = (
				8398BC0D266A6CB200671FE0 /* Sources */,
				8398BC0E266A6CB200671FE0 /* Frameworks */,
				8398BC0F266A6CB200671FE0 /* CopyFiles */,
			);
			buildRules = (
			);
			dependencies = (
				8398BC1B266A6D3D00671FE0 /* PBXTargetDependency */,
			);
			name = Experiments;
			productName = Experiments;
			productReference = 8398BC11266A6CB200671FE0 /* Experiments */;
			productType = "com.apple.product-type.tool";
		};
		83C67A71250EC02000C0F21E /* Rubicon */ = {
			isa = PBXNativeTarget;
			buildConfigurationList = 83C67A86250EC02000C0F21E /* Build configuration list for PBXNativeTarget "Rubicon" */;
			buildPhases = (
				83C67A6D250EC02000C0F21E /* Headers */,
				83C67A6E250EC02000C0F21E /* Sources */,
				83C67A6F250EC02000C0F21E /* Frameworks */,
				83C67A70250EC02000C0F21E /* Resources */,
			);
			buildRules = (
			);
			dependencies = (
			);
			name = Rubicon;
			packageProductDependencies = (
				83BA732E254ABED0009B8351 /* RingBuffer */,
			);
			productName = Rubicon;
			productReference = 83C67A72250EC02000C0F21E /* Rubicon.framework */;
			productType = "com.apple.product-type.framework";
		};
		83C67A7A250EC02000C0F21E /* RubiconTests */ = {
			isa = PBXNativeTarget;
			buildConfigurationList = 83C67A89250EC02000C0F21E /* Build configuration list for PBXNativeTarget "RubiconTests" */;
			buildPhases = (
				83C67A77250EC02000C0F21E /* Sources */,
				83C67A78250EC02000C0F21E /* Frameworks */,
				83C67A79250EC02000C0F21E /* Resources */,
			);
			buildRules = (
			);
			dependencies = (
				83C67A7E250EC02000C0F21E /* PBXTargetDependency */,
			);
			name = RubiconTests;
			packageProductDependencies = (
			);
			productName = RubiconTests;
			productReference = 83C67A7B250EC02000C0F21E /* RubiconTests.xctest */;
			productType = "com.apple.product-type.bundle.unit-test";
		};
		83C67AE3250EC39F00C0F21E /* DocFixer */ = {
			isa = PBXNativeTarget;
			buildConfigurationList = 83C67AE8250EC39F00C0F21E /* Build configuration list for PBXNativeTarget "DocFixer" */;
			buildPhases = (
				83C67AE0250EC39F00C0F21E /* Sources */,
				83C67AE1250EC39F00C0F21E /* Frameworks */,
				83C67AE2250EC39F00C0F21E /* CopyFiles */,
			);
			buildRules = (
			);
			dependencies = (
				83490118252E0FE900D67809 /* PBXTargetDependency */,
			);
			name = DocFixer;
			packageProductDependencies = (
				83C67AEF250EC40E00C0F21E /* PGDocFixer */,
			);
			productName = DocFixer;
			productReference = 83C67AE4250EC39F00C0F21E /* DocFixer */;
			productType = "com.apple.product-type.tool";
		};
/* End PBXNativeTarget section */

/* Begin PBXProject section */
		83C67A69250EC02000C0F21E /* Project object */ = {
			isa = PBXProject;
			attributes = {
				LastSwiftUpdateCheck = 1250;
				LastUpgradeCheck = 1200;
				ORGANIZATIONNAME = "Project Galen";
				TargetAttributes = {
					8398BC10266A6CB200671FE0 = {
						CreatedOnToolsVersion = 12.5;
					};
					83C67A71250EC02000C0F21E = {
						CreatedOnToolsVersion = 11.7;
						LastSwiftMigration = 1210;
					};
					83C67A7A250EC02000C0F21E = {
						CreatedOnToolsVersion = 11.7;
					};
					83C67AE3250EC39F00C0F21E = {
						CreatedOnToolsVersion = 11.7;
					};
				};
			};
			buildConfigurationList = 83C67A6C250EC02000C0F21E /* Build configuration list for PBXProject "Rubicon" */;
			compatibilityVersion = "Xcode 9.3";
			developmentRegion = en;
			hasScannedForEncodings = 0;
			knownRegions = (
				en,
				Base,
			);
			mainGroup = 83C67A68250EC02000C0F21E;
			packageReferences = (
				83C67AEE250EC40E00C0F21E /* XCRemoteSwiftPackageReference "PGDocFixer" */,
				83BA732D254ABED0009B8351 /* XCRemoteSwiftPackageReference "RingBuffer" */,
			);
			productRefGroup = 83C67A73250EC02000C0F21E /* Products */;
			projectDirPath = "";
			projectRoot = "";
			targets = (
				83C67A71250EC02000C0F21E /* Rubicon */,
				83C67A7A250EC02000C0F21E /* RubiconTests */,
				83C67AE3250EC39F00C0F21E /* DocFixer */,
				8398BC10266A6CB200671FE0 /* Experiments */,
			);
		};
/* End PBXProject section */

/* Begin PBXResourcesBuildPhase section */
		83C67A70250EC02000C0F21E /* Resources */ = {
			isa = PBXResourcesBuildPhase;
			buildActionMask = 2147483647;
			files = (
			);
			runOnlyForDeploymentPostprocessing = 0;
		};
		83C67A79250EC02000C0F21E /* Resources */ = {
			isa = PBXResourcesBuildPhase;
			buildActionMask = 2147483647;
			files = (
			);
			runOnlyForDeploymentPostprocessing = 0;
		};
/* End PBXResourcesBuildPhase section */

/* Begin PBXSourcesBuildPhase section */
		8398BC0D266A6CB200671FE0 /* Sources */ = {
			isa = PBXSourcesBuildPhase;
			buildActionMask = 2147483647;
			files = (
				8398BC14266A6CB200671FE0 /* main.swift in Sources */,
			);
			runOnlyForDeploymentPostprocessing = 0;
		};
		83C67A6E250EC02000C0F21E /* Sources */ = {
			isa = PBXSourcesBuildPhase;
			buildActionMask = 2147483647;
			files = (
				83C67ABE250EC19800C0F21E /* DateFormatter.swift in Sources */,
				83C67AB9250EC19800C0F21E /* Stream.swift in Sources */,
				83C67AB8250EC19800C0F21E /* Array.swift in Sources */,
				83C67AC1250EC19800C0F21E /* CharInputStream.swift in Sources */,
				83C67ABC250EC19800C0F21E /* String.swift in Sources */,
				83C67ABD250EC19800C0F21E /* NSRange.swift in Sources */,
				83C67AB2250EC19800C0F21E /* Closable.swift in Sources */,
				83C67ABA250EC19800C0F21E /* Data.swift in Sources */,
				83C67AB6250EC19800C0F21E /* Buffers.swift in Sources */,
				83C67AB7250EC19800C0F21E /* RingByteBuffer.swift in Sources */,
				83C67AB3250EC19800C0F21E /* Tools.swift in Sources */,
				83C67ABF250EC19800C0F21E /* NanoTimer.swift in Sources */,
				1117D950F78C930E935486EF /* Thread.swift in Sources */,
				1117D5D7FE2E89FF48053D67 /* CStrings.swift in Sources */,
				1117DB2981DA9EEA1794C0A9 /* PGThread.swift in Sources */,
				1117DD4EFDE8572C3C5CEF4A /* CErrors.swift in Sources */,
				1117D551FA986D18AC3C604B /* Conditional.swift in Sources */,
				1117D7C7D25FDB87F0E87004 /* NSLock.swift in Sources */,
				1117D4E52C7BBAEBD59B32C8 /* MathTools.swift in Sources */,
				1117D603D6D7533B3DEA082A /* Range.swift in Sources */,
				1117D3BF4199C365362CA9FC /* Character.swift in Sources */,
				1117D5A62408843E13FA3F8D /* MarkInputStream.swift in Sources */,
				1117D78FA7573ACB14D9AB9A /* StringXForm.swift in Sources */,
				1117D0438E55FD170186888E /* CharStream.swift in Sources */,
				1117D6C58C8DF1A23EE40B26 /* IConvCharInputStream.swift in Sources */,
				1117D03DA3BBC27101EC56EB /* TreeNode.swift in Sources */,
				1117D46F0FC21E611EACD4BB /* BinaryTreeDictionary.swift in Sources */,
				1117DC5BF2A398C1D36EA0E7 /* RegularExpression.swift in Sources */,
				1117D4302066214D581AB6FC /* DynamicFixedArray.swift in Sources */,
				1117DF27B358A367D4C2876E /* IConv.swift in Sources */,
				1117D87015D5A6D05CA3688C /* SimpleIConvCharInputStream.swift in Sources */,
				1117D4D610BD1CE87B0D3771 /* SimpleCharInputStream.swift in Sources */,
				1117DDEE932819B049B78977 /* SimpleStringCharInputStream.swift in Sources */,
				1117D067B34035FC4DED2A5F /* StringCharInputStream.swift in Sources */,
				1117DE1264E29B84796C3C80 /* EasyByteBuffer.swift in Sources */,
				1117D6347992E68048C95BA4 /* ManagedByteBuffer.swift in Sources */,
				1117DDC441FB1F14D7A8EAEB /* DataByteBuffer.swift in Sources */,
				1117DFAA0AE0006304938EEC /* BinaryInteger.swift in Sources */,
				1117D52895B40B229F0C34C8 /* AtomicProperty.swift in Sources */,
				1117D3E5CCF75F6ECD21A303 /* ReadWriteLock.swift in Sources */,
				1117D9D892409C1C5407AA50 /* ThreadLocal.swift in Sources */,
				1117D3B6E9FCFDAD8238B604 /* AtomicValue.swift in Sources */,
				1117D81AC449E98F667D5F43 /* ByteOrder.swift in Sources */,
				1117D98AC365F3CF051F1549 /* ShadowInt.swift in Sources */,
				1117D035A8FA81FD3FF0CE5C /* Hasher.swift in Sources */,
				1117DA33BD484CBFF0784483 /* Collections.swift in Sources */,
				1117D2C6E8D38475C5C674D5 /* StringFormat.swift in Sources */,
				1117D1B588233A771C95B889 /* FloatingPoint.swift in Sources */,
				1117DE02F8940A00E5B060F2 /* DateComponents.swift in Sources */,
				1117DE8546BB89F7FFED9501 /* PGSemaphore.swift in Sources */,
				1117DEE9775577A7B6014CE0 /* UnnamedSemaphore.swift in Sources */,
				1117D4D2A49C3108EB6EDDB0 /* NamedSemaphore.swift in Sources */,
				1117D1D0104EFFB9AA1428C6 /* RangeReplaceableCollection.swift in Sources */,
				1117D17E5EF7E760249C2F80 /* ArraySlice.swift in Sources */,
				1117DA229FBFA71F8CDB6BC5 /* CharacterSet.swift in Sources */,
				1117DB005960C8847B27F6F8 /* StringProtocol.swift in Sources */,
			);
			runOnlyForDeploymentPostprocessing = 0;
		};
		83C67A77250EC02000C0F21E /* Sources */ = {
			isa = PBXSourcesBuildPhase;
			buildActionMask = 2147483647;
			files = (
				1117D4E93548BC6DC4167C87 /* RubiconTests.swift in Sources */,
			);
			runOnlyForDeploymentPostprocessing = 0;
		};
		83C67AE0250EC39F00C0F21E /* Sources */ = {
			isa = PBXSourcesBuildPhase;
			buildActionMask = 2147483647;
			files = (
				83C67AED250EC3CF00C0F21E /* main.swift in Sources */,
			);
			runOnlyForDeploymentPostprocessing = 0;
		};
/* End PBXSourcesBuildPhase section */

/* Begin PBXTargetDependency section */
		83490118252E0FE900D67809 /* PBXTargetDependency */ = {
			isa = PBXTargetDependency;
			target = 83C67A71250EC02000C0F21E /* Rubicon */;
			targetProxy = 83490117252E0FE900D67809 /* PBXContainerItemProxy */;
		};
		8398BC1B266A6D3D00671FE0 /* PBXTargetDependency */ = {
			isa = PBXTargetDependency;
			target = 83C67A71250EC02000C0F21E /* Rubicon */;
			targetProxy = 8398BC1A266A6D3D00671FE0 /* PBXContainerItemProxy */;
		};
		83C67A7E250EC02000C0F21E /* PBXTargetDependency */ = {
			isa = PBXTargetDependency;
			target = 83C67A71250EC02000C0F21E /* Rubicon */;
			targetProxy = 83C67A7D250EC02000C0F21E /* PBXContainerItemProxy */;
		};
/* End PBXTargetDependency section */

/* Begin XCBuildConfiguration section */
		8398BC15266A6CB200671FE0 /* Debug */ = {
			isa = XCBuildConfiguration;
			buildSettings = {
				CODE_SIGN_ENTITLEMENTS = Experiments.entitlements;
				CODE_SIGN_STYLE = Automatic;
				DEVELOPMENT_TEAM = Q5XWZ7S7E9;
				ENABLE_HARDENED_RUNTIME = YES;
				MACOSX_DEPLOYMENT_TARGET = 11.3;
				PRODUCT_NAME = "$(TARGET_NAME)";
				SWIFT_ACTIVE_COMPILATION_CONDITIONS = "DEBUG FOO";
				SWIFT_VERSION = 5.0;
			};
			name = Debug;
		};
		8398BC16266A6CB200671FE0 /* Release */ = {
			isa = XCBuildConfiguration;
			buildSettings = {
				CODE_SIGN_ENTITLEMENTS = Experiments.entitlements;
				CODE_SIGN_STYLE = Automatic;
				DEVELOPMENT_TEAM = Q5XWZ7S7E9;
				ENABLE_HARDENED_RUNTIME = YES;
				MACOSX_DEPLOYMENT_TARGET = 11.3;
				PRODUCT_NAME = "$(TARGET_NAME)";
				SWIFT_ACTIVE_COMPILATION_CONDITIONS = "RELEASE FOO";
				SWIFT_VERSION = 5.0;
			};
			name = Release;
		};
		83C67A84250EC02000C0F21E /* Debug */ = {
			isa = XCBuildConfiguration;
			buildSettings = {
				ALWAYS_SEARCH_USER_PATHS = NO;
				CLANG_ANALYZER_NONNULL = YES;
				CLANG_ANALYZER_NUMBER_OBJECT_CONVERSION = YES_AGGRESSIVE;
				CLANG_CXX_LANGUAGE_STANDARD = "gnu++14";
				CLANG_CXX_LIBRARY = "libc++";
				CLANG_ENABLE_MODULES = YES;
				CLANG_ENABLE_OBJC_ARC = YES;
				CLANG_ENABLE_OBJC_WEAK = YES;
				CLANG_WARN_BLOCK_CAPTURE_AUTORELEASING = YES;
				CLANG_WARN_BOOL_CONVERSION = YES;
				CLANG_WARN_COMMA = YES;
				CLANG_WARN_CONSTANT_CONVERSION = YES;
				CLANG_WARN_DEPRECATED_OBJC_IMPLEMENTATIONS = YES;
				CLANG_WARN_DIRECT_OBJC_ISA_USAGE = YES_ERROR;
				CLANG_WARN_DOCUMENTATION_COMMENTS = YES;
				CLANG_WARN_EMPTY_BODY = YES;
				CLANG_WARN_ENUM_CONVERSION = YES;
				CLANG_WARN_INFINITE_RECURSION = YES;
				CLANG_WARN_INT_CONVERSION = YES;
				CLANG_WARN_NON_LITERAL_NULL_CONVERSION = YES;
				CLANG_WARN_OBJC_IMPLICIT_RETAIN_SELF = YES;
				CLANG_WARN_OBJC_LITERAL_CONVERSION = YES;
				CLANG_WARN_OBJC_ROOT_CLASS = YES_ERROR;
				CLANG_WARN_QUOTED_INCLUDE_IN_FRAMEWORK_HEADER = YES;
				CLANG_WARN_RANGE_LOOP_ANALYSIS = YES;
				CLANG_WARN_STRICT_PROTOTYPES = YES;
				CLANG_WARN_SUSPICIOUS_MOVE = YES;
				CLANG_WARN_UNGUARDED_AVAILABILITY = YES_AGGRESSIVE;
				CLANG_WARN_UNREACHABLE_CODE = YES;
				CLANG_WARN__DUPLICATE_METHOD_MATCH = YES;
				COPY_PHASE_STRIP = NO;
				CURRENT_PROJECT_VERSION = 1;
				DEBUG_INFORMATION_FORMAT = dwarf;
				ENABLE_STRICT_OBJC_MSGSEND = YES;
				ENABLE_TESTABILITY = YES;
				GCC_C_LANGUAGE_STANDARD = gnu11;
				GCC_DYNAMIC_NO_PIC = NO;
				GCC_NO_COMMON_BLOCKS = YES;
				GCC_OPTIMIZATION_LEVEL = 0;
				GCC_PREPROCESSOR_DEFINITIONS = (
					"DEBUG=1",
					"$(inherited)",
				);
				GCC_WARN_64_TO_32_BIT_CONVERSION = YES;
				GCC_WARN_ABOUT_RETURN_TYPE = YES_ERROR;
				GCC_WARN_UNDECLARED_SELECTOR = YES;
				GCC_WARN_UNINITIALIZED_AUTOS = YES_AGGRESSIVE;
				GCC_WARN_UNUSED_FUNCTION = YES;
				GCC_WARN_UNUSED_VARIABLE = YES;
				MACOSX_DEPLOYMENT_TARGET = 10.15;
				MTL_ENABLE_DEBUG_INFO = INCLUDE_SOURCE;
				MTL_FAST_MATH = YES;
				ONLY_ACTIVE_ARCH = YES;
				SDKROOT = macosx;
				SWIFT_ACTIVE_COMPILATION_CONDITIONS = DEBUG;
				SWIFT_INCLUDE_PATHS = "$(SRCROOT)/Sources/iconv/**";
				SWIFT_OPTIMIZATION_LEVEL = "-Onone";
				VERSIONING_SYSTEM = "apple-generic";
				VERSION_INFO_PREFIX = "";
			};
			name = Debug;
		};
		83C67A85250EC02000C0F21E /* Release */ = {
			isa = XCBuildConfiguration;
			buildSettings = {
				ALWAYS_SEARCH_USER_PATHS = NO;
				CLANG_ANALYZER_NONNULL = YES;
				CLANG_ANALYZER_NUMBER_OBJECT_CONVERSION = YES_AGGRESSIVE;
				CLANG_CXX_LANGUAGE_STANDARD = "gnu++14";
				CLANG_CXX_LIBRARY = "libc++";
				CLANG_ENABLE_MODULES = YES;
				CLANG_ENABLE_OBJC_ARC = YES;
				CLANG_ENABLE_OBJC_WEAK = YES;
				CLANG_WARN_BLOCK_CAPTURE_AUTORELEASING = YES;
				CLANG_WARN_BOOL_CONVERSION = YES;
				CLANG_WARN_COMMA = YES;
				CLANG_WARN_CONSTANT_CONVERSION = YES;
				CLANG_WARN_DEPRECATED_OBJC_IMPLEMENTATIONS = YES;
				CLANG_WARN_DIRECT_OBJC_ISA_USAGE = YES_ERROR;
				CLANG_WARN_DOCUMENTATION_COMMENTS = YES;
				CLANG_WARN_EMPTY_BODY = YES;
				CLANG_WARN_ENUM_CONVERSION = YES;
				CLANG_WARN_INFINITE_RECURSION = YES;
				CLANG_WARN_INT_CONVERSION = YES;
				CLANG_WARN_NON_LITERAL_NULL_CONVERSION = YES;
				CLANG_WARN_OBJC_IMPLICIT_RETAIN_SELF = YES;
				CLANG_WARN_OBJC_LITERAL_CONVERSION = YES;
				CLANG_WARN_OBJC_ROOT_CLASS = YES_ERROR;
				CLANG_WARN_QUOTED_INCLUDE_IN_FRAMEWORK_HEADER = YES;
				CLANG_WARN_RANGE_LOOP_ANALYSIS = YES;
				CLANG_WARN_STRICT_PROTOTYPES = YES;
				CLANG_WARN_SUSPICIOUS_MOVE = YES;
				CLANG_WARN_UNGUARDED_AVAILABILITY = YES_AGGRESSIVE;
				CLANG_WARN_UNREACHABLE_CODE = YES;
				CLANG_WARN__DUPLICATE_METHOD_MATCH = YES;
				COPY_PHASE_STRIP = NO;
				CURRENT_PROJECT_VERSION = 1;
				DEBUG_INFORMATION_FORMAT = "dwarf-with-dsym";
				ENABLE_NS_ASSERTIONS = NO;
				ENABLE_STRICT_OBJC_MSGSEND = YES;
				GCC_C_LANGUAGE_STANDARD = gnu11;
				GCC_NO_COMMON_BLOCKS = YES;
				GCC_WARN_64_TO_32_BIT_CONVERSION = YES;
				GCC_WARN_ABOUT_RETURN_TYPE = YES_ERROR;
				GCC_WARN_UNDECLARED_SELECTOR = YES;
				GCC_WARN_UNINITIALIZED_AUTOS = YES_AGGRESSIVE;
				GCC_WARN_UNUSED_FUNCTION = YES;
				GCC_WARN_UNUSED_VARIABLE = YES;
				MACOSX_DEPLOYMENT_TARGET = 10.15;
				MTL_ENABLE_DEBUG_INFO = NO;
				MTL_FAST_MATH = YES;
				ONLY_ACTIVE_ARCH = YES;
				SDKROOT = macosx;
				SWIFT_ACTIVE_COMPILATION_CONDITIONS = RELEASE;
				SWIFT_COMPILATION_MODE = wholemodule;
				SWIFT_INCLUDE_PATHS = "$(SRCROOT)/Sources/iconv/**";
				SWIFT_OPTIMIZATION_LEVEL = "-O";
				VERSIONING_SYSTEM = "apple-generic";
				VERSION_INFO_PREFIX = "";
			};
			name = Release;
		};
		83C67A87250EC02000C0F21E /* Debug */ = {
			isa = XCBuildConfiguration;
			buildSettings = {
				CLANG_ENABLE_MODULES = YES;
				CODE_SIGN_IDENTITY = "-";
				CODE_SIGN_STYLE = Automatic;
				COMBINE_HIDPI_IMAGES = YES;
				DEFINES_MODULE = YES;
				DEVELOPMENT_TEAM = Q5XWZ7S7E9;
				DYLIB_COMPATIBILITY_VERSION = 1;
				DYLIB_CURRENT_VERSION = 1;
				DYLIB_INSTALL_NAME_BASE = "@rpath";
				INFOPLIST_FILE = Sources/Rubicon/Info.plist;
				INSTALL_PATH = "$(LOCAL_LIBRARY_DIR)/Frameworks";
				LD_RUNPATH_SEARCH_PATHS = (
					"$(inherited)",
					"@executable_path/../Frameworks",
					"@loader_path/Frameworks",
				);
				PRODUCT_BUNDLE_IDENTIFIER = com.projectgalen.Rubicon;
				PRODUCT_NAME = "$(TARGET_NAME:c99extidentifier)";
				SKIP_INSTALL = YES;
				SWIFT_ACTIVE_COMPILATION_CONDITIONS = "DEBUG DEBUGRUBICON";
				SWIFT_OPTIMIZATION_LEVEL = "-Onone";
				SWIFT_VERSION = 5.0;
				SYSTEM_HEADER_SEARCH_PATHS = "$(SRCROOT)/Sources/RingBuffer/include";
			};
			name = Debug;
		};
		83C67A88250EC02000C0F21E /* Release */ = {
			isa = XCBuildConfiguration;
			buildSettings = {
				CLANG_ENABLE_MODULES = YES;
				CODE_SIGN_IDENTITY = "-";
				CODE_SIGN_STYLE = Automatic;
				COMBINE_HIDPI_IMAGES = YES;
				DEFINES_MODULE = YES;
				DEVELOPMENT_TEAM = Q5XWZ7S7E9;
				DYLIB_COMPATIBILITY_VERSION = 1;
				DYLIB_CURRENT_VERSION = 1;
				DYLIB_INSTALL_NAME_BASE = "@rpath";
				INFOPLIST_FILE = Sources/Rubicon/Info.plist;
				INSTALL_PATH = "$(LOCAL_LIBRARY_DIR)/Frameworks";
				LD_RUNPATH_SEARCH_PATHS = (
					"$(inherited)",
					"@executable_path/../Frameworks",
					"@loader_path/Frameworks",
				);
				PRODUCT_BUNDLE_IDENTIFIER = com.projectgalen.Rubicon;
				PRODUCT_NAME = "$(TARGET_NAME:c99extidentifier)";
				SKIP_INSTALL = YES;
				SWIFT_DISABLE_SAFETY_CHECKS = YES;
				SWIFT_VERSION = 5.0;
				SYSTEM_HEADER_SEARCH_PATHS = "$(SRCROOT)/Sources/RingBuffer/include";
			};
			name = Release;
		};
		83C67A8A250EC02000C0F21E /* Debug */ = {
			isa = XCBuildConfiguration;
			buildSettings = {
				ALWAYS_EMBED_SWIFT_STANDARD_LIBRARIES = YES;
				CODE_SIGN_STYLE = Automatic;
				COMBINE_HIDPI_IMAGES = YES;
				DEVELOPMENT_TEAM = Q5XWZ7S7E9;
				INFOPLIST_FILE = Tests/RubiconTests/Info.plist;
				LD_RUNPATH_SEARCH_PATHS = (
					"$(inherited)",
					"@executable_path/../Frameworks",
					"@loader_path/../Frameworks",
				);
				PRODUCT_BUNDLE_IDENTIFIER = com.projectgalen.RubiconTests;
				PRODUCT_NAME = "$(TARGET_NAME)";
				SWIFT_VERSION = 5.0;
			};
			name = Debug;
		};
		83C67A8B250EC02000C0F21E /* Release */ = {
			isa = XCBuildConfiguration;
			buildSettings = {
				ALWAYS_EMBED_SWIFT_STANDARD_LIBRARIES = YES;
				CODE_SIGN_STYLE = Automatic;
				COMBINE_HIDPI_IMAGES = YES;
				DEVELOPMENT_TEAM = Q5XWZ7S7E9;
				INFOPLIST_FILE = Tests/RubiconTests/Info.plist;
				LD_RUNPATH_SEARCH_PATHS = (
					"$(inherited)",
					"@executable_path/../Frameworks",
					"@loader_path/../Frameworks",
				);
				PRODUCT_BUNDLE_IDENTIFIER = com.projectgalen.RubiconTests;
				PRODUCT_NAME = "$(TARGET_NAME)";
				SWIFT_VERSION = 5.0;
			};
			name = Release;
		};
		83C67AE9250EC39F00C0F21E /* Debug */ = {
			isa = XCBuildConfiguration;
			buildSettings = {
				CODE_SIGN_IDENTITY = "-";
				CODE_SIGN_STYLE = Automatic;
				DEVELOPMENT_TEAM = Q5XWZ7S7E9;
				ENABLE_HARDENED_RUNTIME = YES;
				PRODUCT_NAME = "$(TARGET_NAME)";
				SWIFT_DISABLE_SAFETY_CHECKS = NO;
				SWIFT_VERSION = 5.0;
			};
			name = Debug;
		};
		83C67AEA250EC39F00C0F21E /* Release */ = {
			isa = XCBuildConfiguration;
			buildSettings = {
				CODE_SIGN_IDENTITY = "-";
				CODE_SIGN_STYLE = Automatic;
				DEVELOPMENT_TEAM = Q5XWZ7S7E9;
				ENABLE_HARDENED_RUNTIME = YES;
				PRODUCT_NAME = "$(TARGET_NAME)";
				SWIFT_DISABLE_SAFETY_CHECKS = YES;
				SWIFT_VERSION = 5.0;
			};
			name = Release;
		};
/* End XCBuildConfiguration section */

/* Begin XCConfigurationList section */
		8398BC17266A6CB200671FE0 /* Build configuration list for PBXNativeTarget "Experiments" */ = {
			isa = XCConfigurationList;
			buildConfigurations = (
				8398BC15266A6CB200671FE0 /* Debug */,
				8398BC16266A6CB200671FE0 /* Release */,
			);
			defaultConfigurationIsVisible = 0;
			defaultConfigurationName = Release;
		};
		83C67A6C250EC02000C0F21E /* Build configuration list for PBXProject "Rubicon" */ = {
			isa = XCConfigurationList;
			buildConfigurations = (
				83C67A84250EC02000C0F21E /* Debug */,
				83C67A85250EC02000C0F21E /* Release */,
			);
			defaultConfigurationIsVisible = 0;
			defaultConfigurationName = Release;
		};
		83C67A86250EC02000C0F21E /* Build configuration list for PBXNativeTarget "Rubicon" */ = {
			isa = XCConfigurationList;
			buildConfigurations = (
				83C67A87250EC02000C0F21E /* Debug */,
				83C67A88250EC02000C0F21E /* Release */,
			);
			defaultConfigurationIsVisible = 0;
			defaultConfigurationName = Release;
		};
		83C67A89250EC02000C0F21E /* Build configuration list for PBXNativeTarget "RubiconTests" */ = {
			isa = XCConfigurationList;
			buildConfigurations = (
				83C67A8A250EC02000C0F21E /* Debug */,
				83C67A8B250EC02000C0F21E /* Release */,
			);
			defaultConfigurationIsVisible = 0;
			defaultConfigurationName = Release;
		};
		83C67AE8250EC39F00C0F21E /* Build configuration list for PBXNativeTarget "DocFixer" */ = {
			isa = XCConfigurationList;
			buildConfigurations = (
				83C67AE9250EC39F00C0F21E /* Debug */,
				83C67AEA250EC39F00C0F21E /* Release */,
			);
			defaultConfigurationIsVisible = 0;
			defaultConfigurationName = Release;
		};
/* End XCConfigurationList section */

/* Begin XCRemoteSwiftPackageReference section */
		83BA732D254ABED0009B8351 /* XCRemoteSwiftPackageReference "RingBuffer" */ = {
			isa = XCRemoteSwiftPackageReference;
			repositoryURL = "https://github.com/GalenRhodes/RingBuffer.git";
			requirement = {
				kind = upToNextMajorVersion;
				minimumVersion = 1.0.11;
			};
		};
		83C67AEE250EC40E00C0F21E /* XCRemoteSwiftPackageReference "PGDocFixer" */ = {
			isa = XCRemoteSwiftPackageReference;
			repositoryURL = "https://github.com/GalenRhodes/PGDocFixer.git";
			requirement = {
				kind = upToNextMajorVersion;
				minimumVersion = 1.0.0;
			};
		};
/* End XCRemoteSwiftPackageReference section */

/* Begin XCSwiftPackageProductDependency section */
		83BA732E254ABED0009B8351 /* RingBuffer */ = {
			isa = XCSwiftPackageProductDependency;
			package = 83BA732D254ABED0009B8351 /* XCRemoteSwiftPackageReference "RingBuffer" */;
			productName = RingBuffer;
		};
		83C67AEF250EC40E00C0F21E /* PGDocFixer */ = {
			isa = XCSwiftPackageProductDependency;
			package = 83C67AEE250EC40E00C0F21E /* XCRemoteSwiftPackageReference "PGDocFixer" */;
			productName = PGDocFixer;
		};
/* End XCSwiftPackageProductDependency section */
	};
	rootObject = 83C67A69250EC02000C0F21E /* Project object */;
}
