{
  "object": {
    "pins": [
      {
        "package": "PGDocFixer",
        "repositoryURL": "https://github.com/GalenRhodes/PGDocFixer.git",
        "state": {
          "branch": null,
          "revision": "b2707d225c2b4bbe5771b6759c34174b65a29498",
          "version": "1.0.10"
        }
      },
      {
        "package": "RingBuffer",
        "repositoryURL": "https://github.com/GalenRhodes/RingBuffer.git",
        "state": {
          "branch": null,
          "revision": "64fb195bce6691f6c2080b87daf2644032aa6116",
          "version": "1.0.10"
        }
      }
    ]
  },
  "version": 1
}
